
Microsoft Visual Studio Solution File, Format Version 12.00
# Visual Studio Version 16
VisualStudioVersion = 16.0.29409.12
MinimumVisualStudioVersion = 10.0.40219.1
Project("{8BC9CEB8-8B4A-11D0-8D11-00A0C91BC942}") = "ClassStack", "ClassStack\ClassStack.vcxproj", "{FD26E13C-DFB0-4856-95F3-BE8D2B436AE3}"
EndProject
Global
	GlobalSection(SolutionConfigurationPlatforms) = preSolution
		Debug|x64 = Debug|x64
		Debug|x86 = Debug|x86
		Release|x64 = Release|x64
		Release|x86 = Release|x86
	EndGlobalSection
	GlobalSection(ProjectConfigurationPlatforms) = postSolution
		{FD26E13C-DFB0-4856-95F3-BE8D2B436AE3}.Debug|x64.ActiveCfg = Debug|x64
		{FD26E13C-DFB0-4856-95F3-BE8D2B436AE3}.Debug|x64.Build.0 = Debug|x64
		{FD26E13C-DFB0-4856-95F3-BE8D2B436AE3}.Debug|x86.ActiveCfg = Debug|Win32
		{FD26E13C-DFB0-4856-95F3-BE8D2B436AE3}.Debug|x86.Build.0 = Debug|Win32
		{FD26E13C-DFB0-4856-95F3-BE8D2B436AE3}.Release|x64.ActiveCfg = Release|x64
		{FD26E13C-DFB0-4856-95F3-BE8D2B436AE3}.Release|x64.Build.0 = Release|x64
		{FD26E13C-DFB0-4856-95F3-BE8D2B436AE3}.Release|x86.ActiveCfg = Release|Win32
		{FD26E13C-DFB0-4856-95F3-BE8D2B436AE3}.Release|x86.Build.0 = Release|Win32
	EndGlobalSection
	GlobalSection(SolutionProperties) = preSolution
		HideSolutionNode = FALSE
	EndGlobalSection
	GlobalSection(ExtensibilityGlobals) = postSolution
		SolutionGuid = {FF2D1E2C-F64D-4BA7-AAB6-DFBBDF93580D}
	EndGlobalSection
EndGlobal
